lockfileVersion: '9.0'

settings:
  autoInstallPeers: true
  excludeLinksFromLockfile: false

importers:

  .:
    devDependencies:
      '@figma/plugin-typings':
        specifier: ^1.78.0
        version: 1.92.0
      prettier:
        specifier: ^3.2.4
        version: 3.2.5
      turbo:
        specifier: ^1.13.3
        version: 1.13.3
      typescript:
        specifier: '*'
        version: 5.4.5

  packages/gen-code:
    devDependencies:
      tsconfig:
        specifier: workspace:*
        version: link:../tsconfig

  packages/model:
    devDependencies:
      tsconfig:
        specifier: workspace:*
        version: link:../tsconfig

  packages/plugin-ui:
    dependencies:
      antd:
        specifier: ^5.17.0
        version: 5.17.0(date-fns@2.30.0)(react-dom@18.3.1(react@18.3.1))(react@18.3.1)
      react:
        specifier: ^18.3.1
        version: 18.3.1
      react-syntax-highlighter:
        specifier: 15.5.0
        version: 15.5.0(react@18.3.1)
    devDependencies:
      '@types/react':
        specifier: ^18.3.1
        version: 18.3.1
      '@types/react-dom':
        specifier: ^18.2.18
        version: 18.3.0
      '@types/react-syntax-highlighter':
        specifier: 15.5.0
        version: 15.5.0
      tsconfig:
        specifier: workspace:*
        version: link:../tsconfig

  packages/tsconfig: {}

packages:

  '@ant-design/colors@7.0.2':
    resolution: {integrity: sha512-7KJkhTiPiLHSu+LmMJnehfJ6242OCxSlR3xHVBecYxnMW8MS/878NXct1GqYARyL59fyeFdKRxXTfvR9SnDgJg==}

  '@ant-design/cssinjs@1.20.0':
    resolution: {integrity: sha512-uG3iWzJxgNkADdZmc6W0Ci3iQAUOvLMcM8SnnmWq3r6JeocACft4ChnY/YWvI2Y+rG/68QBla/O+udke1yH3vg==}
    peerDependencies:
      react: '>=16.0.0'
      react-dom: '>=16.0.0'

  '@ant-design/icons-svg@4.4.2':
    resolution: {integrity: sha512-vHbT+zJEVzllwP+CM+ul7reTEfBR0vgxFe7+lREAsAA7YGsYpboiq2sQNeQeRvh09GfQgs/GyFEvZpJ9cLXpXA==}

  '@ant-design/icons@5.3.7':
    resolution: {integrity: sha512-bCPXTAg66f5bdccM4TT21SQBDO1Ek2gho9h3nO9DAKXJP4sq+5VBjrQMSxMVXSB3HyEz+cUbHQ5+6ogxCOpaew==}
    engines: {node: '>=8'}
    peerDependencies:
      react: '>=16.0.0'
      react-dom: '>=16.0.0'

  '@ant-design/react-slick@1.1.2':
    resolution: {integrity: sha512-EzlvzE6xQUBrZuuhSAFTdsr4P2bBBHGZwKFemEfq8gIGyIQCxalYfZW/T2ORbtQx5rU69o+WycP3exY/7T1hGA==}
    peerDependencies:
      react: '>=16.9.0'

  '@babel/runtime@7.24.5':
    resolution: {integrity: sha512-Nms86NXrsaeU9vbBJKni6gXiEXZ4CVpYVzEjDH9Sb8vmZ3UljyA1GSOJl/6LGPO8EHLuSF9H+IxNXHPX8QHJ4g==}
    engines: {node: '>=6.9.0'}

  '@ctrl/tinycolor@3.6.1':
    resolution: {integrity: sha512-SITSV6aIXsuVNV3f3O0f2n/cgyEDWoSqtZMYiAmcsYHydcKrOz3gUxB/iXd/Qf08+IZX4KpgNbvUdMBmWz+kcA==}
    engines: {node: '>=10'}

  '@emotion/hash@0.8.0':
    resolution: {integrity: sha512-kBJtf7PH6aWwZ6fka3zQ0p6SBYzx4fl1LoZXE2RrnYST9Xljm7WfKJrU4g/Xr3Beg72MLrp1AWNUmuYJTL7Cow==}

  '@emotion/unitless@0.7.5':
    resolution: {integrity: sha512-OWORNpfjMsSSUBVrRBVGECkhWcULOAJz9ZW8uK9qgxD+87M7jHRcvh/A96XXNhXTLmKcoYSQtBEX7lHMO7YRwg==}

  '@figma/plugin-typings@1.92.0':
    resolution: {integrity: sha512-W02/uSt+n33Iro0/Goj+Dl1Fp+1i9+jjciw//BcBh0VOz2QzuiaurhftnboO8gKucOloBOROMbxe/Vylu4ItZw==}

  '@rc-component/async-validator@5.0.2':
    resolution: {integrity: sha512-ukdSere8wCNa5MpymNOYvOuHDODHlwBeaYEm0TtG91M7i72T7/cOVZhmDg9QcNe5+VP1YHJQEvquqA1bN5pTsg==}
    engines: {node: '>=14.x'}

  '@rc-component/color-picker@1.5.3':
    resolution: {integrity: sha512-+tGGH3nLmYXTalVe0L8hSZNs73VTP5ueSHwUlDC77KKRaN7G4DS4wcpG5DTDzdcV/Yas+rzA6UGgIyzd8fS4cw==}
    peerDependencies:
      react: '>=16.9.0'
      react-dom: '>=16.9.0'

  '@rc-component/context@1.4.0':
    resolution: {integrity: sha512-kFcNxg9oLRMoL3qki0OMxK+7g5mypjgaaJp/pkOis/6rVxma9nJBF/8kCIuTYHUQNr0ii7MxqE33wirPZLJQ2w==}
    peerDependencies:
      react: '>=16.9.0'
      react-dom: '>=16.9.0'

  '@rc-component/mini-decimal@1.1.0':
    resolution: {integrity: sha512-jS4E7T9Li2GuYwI6PyiVXmxTiM6b07rlD9Ge8uGZSCz3WlzcG5ZK7g5bbuKNeZ9pgUuPK/5guV781ujdVpm4HQ==}
    engines: {node: '>=8.x'}

  '@rc-component/mutate-observer@1.1.0':
    resolution: {integrity: sha512-QjrOsDXQusNwGZPf4/qRQasg7UFEj06XiCJ8iuiq/Io7CrHrgVi6Uuetw60WAMG1799v+aM8kyc+1L/GBbHSlw==}
    engines: {node: '>=8.x'}
    peerDependencies:
      react: '>=16.9.0'
      react-dom: '>=16.9.0'

  '@rc-component/portal@1.1.2':
    resolution: {integrity: sha512-6f813C0IsasTZms08kfA8kPAGxbbkYToa8ALaiDIGGECU4i9hj8Plgbx0sNJDrey3EtHO30hmdaxtT0138xZcg==}
    engines: {node: '>=8.x'}
    peerDependencies:
      react: '>=16.9.0'
      react-dom: '>=16.9.0'

  '@rc-component/tour@1.14.2':
    resolution: {integrity: sha512-A75DZ8LVvahBIvxooj3Gvf2sxe+CGOkmzPNX7ek0i0AJHyKZ1HXe5ieIGo3m0FMdZfVOlbCJ952Duq8VKAHk6g==}
    engines: {node: '>=8.x'}
    peerDependencies:
      react: '>=16.9.0'
      react-dom: '>=16.9.0'

  '@rc-component/trigger@2.1.1':
    resolution: {integrity: sha512-UjHkedkgtEcgQu87w1VuWug1idoDJV7VUt0swxHXRcmei2uu1AuUzGBPEUlmOmXGJ+YtTgZfVLi7kuAUKoZTMA==}
    engines: {node: '>=8.x'}
    peerDependencies:
      react: '>=16.9.0'
      react-dom: '>=16.9.0'

  '@types/hast@2.3.10':
    resolution: {integrity: sha512-McWspRw8xx8J9HurkVBfYj0xKoE25tOFlHGdx4MJ5xORQrMGZNqJhVQWaIbm6Oyla5kYOXtDiopzKRJzEOkwJw==}

  '@types/prop-types@15.7.12':
    resolution: {integrity: sha512-5zvhXYtRNRluoE/jAp4GVsSduVUzNWKkOZrCDBWYtE7biZywwdC2AcEzg+cSMLFRfVgeAFqpfNabiPjxFddV1Q==}

  '@types/react-dom@18.3.0':
    resolution: {integrity: sha512-EhwApuTmMBmXuFOikhQLIBUn6uFg81SwLMOAUgodJF14SOBOCMdU04gDoYi0WOJJHD144TL32z4yDqCW3dnkQg==}

  '@types/react-syntax-highlighter@15.5.0':
    resolution: {integrity: sha512-723nkzH7PsOTjcPKqfbGiPOBTagbeCLUVBvQAi2upBlgkluT/+MRrH1QydXx55kDBtQeOk+mP+qoLbolODxf6A==}

  '@types/react@18.3.1':
    resolution: {integrity: sha512-V0kuGBX3+prX+DQ/7r2qsv1NsdfnCLnTgnRJ1pYnxykBhGMz+qj+box5lq7XsO5mtZsBqpjwwTu/7wszPfMBcw==}

  '@types/unist@2.0.10':
    resolution: {integrity: sha512-IfYcSBWE3hLpBg8+X2SEa8LVkJdJEkT2Ese2aaLs3ptGdVtABxndrMaxuFlQ1qdFf9Q5rDvDpxI3WwgvKFAsQA==}

  antd@5.17.0:
    resolution: {integrity: sha512-jrzMIcaTJIy12/GJ2PfgchgZGuAlDodlaOKd05/TxEtFilRHnv8oaf0qfqNGG3slvvuy4J/57xn21jM4cLl7Hw==}
    peerDependencies:
      react: '>=16.9.0'
      react-dom: '>=16.9.0'

  array-tree-filter@2.1.0:
    resolution: {integrity: sha512-4ROwICNlNw/Hqa9v+rk5h22KjmzB1JGTMVKP2AKJBOCgb0yL0ASf0+YvCcLNNwquOHNX48jkeZIJ3a+oOQqKcw==}

  character-entities-legacy@1.1.4:
    resolution: {integrity: sha512-3Xnr+7ZFS1uxeiUDvV02wQ+QDbc55o97tIV5zHScSPJpcLm/r0DFPcoY3tYRp+VZukxuMeKgXYmsXQHO05zQeA==}

  character-entities@1.2.4:
    resolution: {integrity: sha512-iBMyeEHxfVnIakwOuDXpVkc54HijNgCyQB2w0VfGQThle6NXn50zU6V/u+LDhxHcDUPojn6Kpga3PTAD8W1bQw==}

  character-reference-invalid@1.1.4:
    resolution: {integrity: sha512-mKKUkUbhPpQlCOfIuZkvSEgktjPFIsZKRRbC6KWVEMvlzblj3i3asQv5ODsrwt0N3pHAEvjP8KTQPHkp0+6jOg==}

  classnames@2.5.1:
    resolution: {integrity: sha512-saHYOzhIQs6wy2sVxTM6bUDsQO4F50V9RQ22qBpEdCW+I+/Wmke2HOl6lS6dTpdxVhb88/I6+Hs+438c3lfUow==}

  comma-separated-tokens@1.0.8:
    resolution: {integrity: sha512-GHuDRO12Sypu2cV70d1dkA2EUmXHgntrzbpvOB+Qy+49ypNfGgFQIC2fhhXbnyrJRynDCAARsT7Ou0M6hirpfw==}

  compute-scroll-into-view@3.1.0:
    resolution: {integrity: sha512-rj8l8pD4bJ1nx+dAkMhV1xB5RuZEyVysfxJqB1pRchh1KVvwOv9b7CGB8ZfjTImVv2oF+sYMUkMZq6Na5Ftmbg==}

  copy-to-clipboard@3.3.3:
    resolution: {integrity: sha512-2KV8NhB5JqC3ky0r9PMCAZKbUHSwtEo4CwCs0KXgruG43gX5PMqDEBbVU4OUzw2MuAWUfsuFmWvEKG5QRfSnJA==}

  csstype@3.1.3:
    resolution: {integrity: sha512-M1uQkMl8rQK/szD0LNhtqxIPLpimGm8sOBwU7lLnCpSbTyY3yeU1Vc7l4KT5zT4s/yOxHH5O7tIuuLOCnLADRw==}

  date-fns@2.30.0:
    resolution: {integrity: sha512-fnULvOpxnC5/Vg3NCiWelDsLiUc9bRwAPs/+LfTLNvetFCtCTN+yQz15C/fs4AwX1R9K5GLtLfn8QW+dWisaAw==}
    engines: {node: '>=0.11'}

  dayjs@1.11.11:
    resolution: {integrity: sha512-okzr3f11N6WuqYtZSvm+F776mB41wRZMhKP+hc34YdW+KmtYYK9iqvHSwo2k9FEH3fhGXvOPV6yz2IcSrfRUDg==}

  fault@1.0.4:
    resolution: {integrity: sha512-CJ0HCB5tL5fYTEA7ToAq5+kTwd++Borf1/bifxd9iT70QcXr4MRrO3Llf8Ifs70q+SJcGHFtnIE/Nw6giCtECA==}

  format@0.2.2:
    resolution: {integrity: sha512-wzsgA6WOq+09wrU1tsJ09udeR/YZRaeArL9e1wPbFg3GG2yDnC2ldKpxs4xunpFF9DgqCqOIra3bc1HWrJ37Ww==}
    engines: {node: '>=0.4.x'}

  hast-util-parse-selector@2.2.5:
    resolution: {integrity: sha512-7j6mrk/qqkSehsM92wQjdIgWM2/BW61u/53G6xmC8i1OmEdKLHbk419QKQUjz6LglWsfqoiHmyMRkP1BGjecNQ==}

  hastscript@6.0.0:
    resolution: {integrity: sha512-nDM6bvd7lIqDUiYEiu5Sl/+6ReP0BMk/2f4U/Rooccxkj0P5nm+acM5PrGJ/t5I8qPGiqZSE6hVAwZEdZIvP4w==}

  highlight.js@10.7.3:
    resolution: {integrity: sha512-tzcUFauisWKNHaRkN4Wjl/ZA07gENAjFl3J/c480dprkGTg5EQstgaNFqBfUqCq54kZRIEcreTsAgF/m2quD7A==}

  is-alphabetical@1.0.4:
    resolution: {integrity: sha512-DwzsA04LQ10FHTZuL0/grVDk4rFoVH1pjAToYwBrHSxcrBIGQuXrQMtD5U1b0U2XVgKZCTLLP8u2Qxqhy3l2Vg==}

  is-alphanumerical@1.0.4:
    resolution: {integrity: sha512-UzoZUr+XfVz3t3v4KyGEniVL9BDRoQtY7tOyrRybkVNjDFWyo1yhXNGrrBTQxp3ib9BLAWs7k2YKBQsFRkZG9A==}

  is-decimal@1.0.4:
    resolution: {integrity: sha512-RGdriMmQQvZ2aqaQq3awNA6dCGtKpiDFcOzrTWrDAT2MiWrKQVPmxLGHl7Y2nNu6led0kEyoX0enY0qXYsv9zw==}

  is-hexadecimal@1.0.4:
    resolution: {integrity: sha512-gyPJuv83bHMpocVYoqof5VDiZveEoGoFL8m3BXNb2VW8Xs+rz9kqO8LOQ5DH6EsuvilT1ApazU0pyl+ytbPtlw==}

  js-tokens@4.0.0:
    resolution: {integrity: sha512-RdJUflcE3cUzKiMqQgsCu06FPu9UdIJO0beYbPhHN4k6apgJtifcoCtT9bcxOpYBtpD2kCM6Sbzg4CausW/PKQ==}

  json2mq@0.2.0:
    resolution: {integrity: sha512-SzoRg7ux5DWTII9J2qkrZrqV1gt+rTaoufMxEzXbS26Uid0NwaJd123HcoB80TgubEppxxIGdNxCx50fEoEWQA==}

  loose-envify@1.4.0:
    resolution: {integrity: sha512-lyuxPGr/Wfhrlem2CL/UcnUc1zcqKAImBDzukY7Y5F/yQiNdko6+fRLevlw1HgMySw7f611UIY408EtxRSoK3Q==}
    hasBin: true

  lowlight@1.20.0:
    resolution: {integrity: sha512-8Ktj+prEb1RoCPkEOrPMYUN/nCggB7qAWe3a7OpMjWQkh3l2RD5wKRQ+o8Q8YuI9RG/xs95waaI/E6ym/7NsTw==}

  parse-entities@2.0.0:
    resolution: {integrity: sha512-kkywGpCcRYhqQIchaWqZ875wzpS/bMKhz5HnN3p7wveJTkTtyAB/AlnS0f8DFSqYW1T82t6yEAkEcB+A1I3MbQ==}

  prettier@3.2.5:
    resolution: {integrity: sha512-3/GWa9aOC0YeD7LUfvOG2NiDyhOWRvt1k+rcKhOuYnMY24iiCphgneUfJDyFXd6rZCAnuLBv6UeAULtrhT/F4A==}
    engines: {node: '>=14'}
    hasBin: true

  prismjs@1.27.0:
    resolution: {integrity: sha512-t13BGPUlFDR7wRB5kQDG4jjl7XeuH6jbJGt11JHPL96qwsEHNX2+68tFXqc1/k+/jALsbSWJKUOT/hcYAZ5LkA==}
    engines: {node: '>=6'}

  prismjs@1.29.0:
    resolution: {integrity: sha512-Kx/1w86q/epKcmte75LNrEoT+lX8pBpavuAbvJWRXar7Hz8jrtF+e3vY751p0R8H9HdArwaCTNDDzHg/ScJK1Q==}
    engines: {node: '>=6'}

  property-information@5.6.0:
    resolution: {integrity: sha512-YUHSPk+A30YPv+0Qf8i9Mbfe/C0hdPXk1s1jPVToV8pk8BQtpw10ct89Eo7OWkutrwqvT0eicAxlOg3dOAu8JA==}

  qrcode.react@3.1.0:
    resolution: {integrity: sha512-oyF+Urr3oAMUG/OiOuONL3HXM+53wvuH3mtIWQrYmsXoAq0DkvZp2RYUWFSMFtbdOpuS++9v+WAkzNVkMlNW6Q==}
    peerDependencies:
      react: ^16.8.0 || ^17.0.0 || ^18.0.0

  rc-cascader@3.25.0:
    resolution: {integrity: sha512-mBY6/CykOvzAYnIye0rpt5JkMAXJaX8zZawOwSndbKuFakYE+leqBQWIZoN9HIgAptPpTi2Aty3RvbaBmk8SKQ==}
    peerDependencies:
      react: '>=16.9.0'
      react-dom: '>=16.9.0'

  rc-checkbox@3.2.0:
    resolution: {integrity: sha512-8inzw4y9dAhZmv/Ydl59Qdy5tdp9CKg4oPVcRigi+ga/yKPZS5m5SyyQPtYSgbcqHRYOdUhiPSeKfktc76du1A==}
    peerDependencies:
      react: '>=16.9.0'
      react-dom: '>=16.9.0'

  rc-collapse@3.7.3:
    resolution: {integrity: sha512-60FJcdTRn0X5sELF18TANwtVi7FtModq649H11mYF1jh83DniMoM4MqY627sEKRCTm4+WXfGDcB7hY5oW6xhyw==}
    peerDependencies:
      react: '>=16.9.0'
      react-dom: '>=16.9.0'

  rc-dialog@9.4.0:
    resolution: {integrity: sha512-AScCexaLACvf8KZRqCPz12BJ8olszXOS4lKlkMyzDQHS1m0zj1KZMYgmMCh39ee0Dcv8kyrj8mTqxuLyhH+QuQ==}
    peerDependencies:
      react: '>=16.9.0'
      react-dom: '>=16.9.0'

  rc-drawer@7.1.0:
    resolution: {integrity: sha512-nBE1rF5iZvpavoyqhSSz2mk/yANltA7g3aF0U45xkx381n3we/RKs9cJfNKp9mSWCedOKWt9FLEwZDaAaOGn2w==}
    peerDependencies:
      react: '>=16.9.0'
      react-dom: '>=16.9.0'

  rc-dropdown@4.2.0:
    resolution: {integrity: sha512-odM8Ove+gSh0zU27DUj5cG1gNKg7mLWBYzB5E4nNLrLwBmYEgYP43vHKDGOVZcJSVElQBI0+jTQgjnq0NfLjng==}
    peerDependencies:
      react: '>=16.11.0'
      react-dom: '>=16.11.0'

  rc-field-form@2.0.0:
    resolution: {integrity: sha512-Xwp8SoSbWQOsz3s7IwEkDj/fF73Wa+vVPtP+gnaq6wVvPX8aPhx1vrHpFcgmiIOKdKIdezGLFsTyU3kNXn+IEA==}
    engines: {node: '>=8.x'}
    peerDependencies:
      react: '>=16.9.0'
      react-dom: '>=16.9.0'

  rc-image@7.6.0:
    resolution: {integrity: sha512-tL3Rvd1sS+frZQ01i+tkeUPaOeFz2iG9/scAt/Cfs0hyCRVA/w0Pu1J/JxIX8blalvmHE0bZQRYdOmRAzWu4Hg==}
    peerDependencies:
      react: '>=16.9.0'
      react-dom: '>=16.9.0'

  rc-input-number@9.0.0:
    resolution: {integrity: sha512-RfcDBDdWFFetouWFXBA+WPEC8LzBXyngr9b+yTLVIygfFu7HiLRGn/s/v9wwno94X7KFvnb28FNynMGj9XJlDQ==}
    peerDependencies:
      react: '>=16.9.0'
      react-dom: '>=16.9.0'

  rc-input@1.4.5:
    resolution: {integrity: sha512-AjzykhwnwYTRSwwgCu70CGKBIAv6bP2nqnFptnNTprph/TF1BAs0Qxl91mie/BR6n827WIJB6ZjaRf9iiMwAfw==}
    peerDependencies:
      react: '>=16.0.0'
      react-dom: '>=16.0.0'

  rc-mentions@2.11.1:
    resolution: {integrity: sha512-upb4AK1SRFql7qGnbLEvJqLMugVVIyjmwBJW9L0eLoN9po4JmJZaBzmKA4089fNtsU8k6l/tdZiVafyooeKnLw==}
    peerDependencies:
      react: '>=16.9.0'
      react-dom: '>=16.9.0'

  rc-menu@9.13.0:
    resolution: {integrity: sha512-1l8ooCB3HcYJKCltC/s7OxRKRjgymdl9htrCeGZcXNaMct0RxZRK6OPV3lPhVksIvAGMgzPd54ClpZ5J4b8cZA==}
    peerDependencies:
      react: '>=16.9.0'
      react-dom: '>=16.9.0'

  rc-motion@2.9.0:
    resolution: {integrity: sha512-XIU2+xLkdIr1/h6ohPZXyPBMvOmuyFZQ/T0xnawz+Rh+gh4FINcnZmMT5UTIj6hgI0VLDjTaPeRd+smJeSPqiQ==}
    peerDependencies:
      react: '>=16.9.0'
      react-dom: '>=16.9.0'

  rc-notification@5.4.0:
    resolution: {integrity: sha512-li19y9RoYJciF3WRFvD+DvWS70jdL8Fr+Gfb/OshK+iY6iTkwzoigmSIp76/kWh5tF5i/i9im12X3nsF85GYdA==}
    engines: {node: '>=8.x'}
    peerDependencies:
      react: '>=16.9.0'
      react-dom: '>=16.9.0'

  rc-overflow@1.3.2:
    resolution: {integrity: sha512-nsUm78jkYAoPygDAcGZeC2VwIg/IBGSodtOY3pMof4W3M9qRJgqaDYm03ZayHlde3I6ipliAxbN0RUcGf5KOzw==}
    peerDependencies:
      react: '>=16.9.0'
      react-dom: '>=16.9.0'

  rc-pagination@4.0.4:
    resolution: {integrity: sha512-GGrLT4NgG6wgJpT/hHIpL9nELv27A1XbSZzECIuQBQTVSf4xGKxWr6I/jhpRPauYEWEbWVw22ObG6tJQqwJqWQ==}
    peerDependencies:
      react: '>=16.9.0'
      react-dom: '>=16.9.0'

  rc-picker@4.5.0:
    resolution: {integrity: sha512-suqz9bzuhBQlf7u+bZd1bJLPzhXpk12w6AjQ9BTPTiFwexVZgUKViG1KNLyfFvW6tCUZZK0HmCCX7JAyM+JnCg==}
    engines: {node: '>=8.x'}
    peerDependencies:
      date-fns: '>= 2.x'
      dayjs: '>= 1.x'
      luxon: '>= 3.x'
      moment: '>= 2.x'
      react: '>=16.9.0'
      react-dom: '>=16.9.0'
    peerDependenciesMeta:
      date-fns:
        optional: true
      dayjs:
        optional: true
      luxon:
        optional: true
      moment:
        optional: true

  rc-progress@4.0.0:
    resolution: {integrity: sha512-oofVMMafOCokIUIBnZLNcOZFsABaUw8PPrf1/y0ZBvKZNpOiu5h4AO9vv11Sw0p4Hb3D0yGWuEattcQGtNJ/aw==}
    peerDependencies:
      react: '>=16.9.0'
      react-dom: '>=16.9.0'

  rc-rate@2.12.0:
    resolution: {integrity: sha512-g092v5iZCdVzbjdn28FzvWebK2IutoVoiTeqoLTj9WM7SjA/gOJIw5/JFZMRyJYYVe1jLAU2UhAfstIpCNRozg==}
    engines: {node: '>=8.x'}
    peerDependencies:
      react: '>=16.9.0'
      react-dom: '>=16.9.0'

  rc-resize-observer@1.4.0:
    resolution: {integrity: sha512-PnMVyRid9JLxFavTjeDXEXo65HCRqbmLBw9xX9gfC4BZiSzbLXKzW3jPz+J0P71pLbD5tBMTT+mkstV5gD0c9Q==}
    peerDependencies:
      react: '>=16.9.0'
      react-dom: '>=16.9.0'

  rc-segmented@2.3.0:
    resolution: {integrity: sha512-I3FtM5Smua/ESXutFfb8gJ8ZPcvFR+qUgeeGFQHBOvRiRKyAk4aBE5nfqrxXx+h8/vn60DQjOt6i4RNtrbOobg==}
    peerDependencies:
      react: '>=16.0.0'
      react-dom: '>=16.0.0'

  rc-select@14.13.1:
    resolution: {integrity: sha512-A1VHqjIOemxLnUGRxLGVqXBs8jGcJemI5NXxOJwU5PQc1wigAu1T4PRLgMkTPDOz8gPhlY9dwsPzMgakMc2QjQ==}
    engines: {node: '>=8.x'}
    peerDependencies:
      react: '*'
      react-dom: '*'

  rc-slider@10.6.2:
    resolution: {integrity: sha512-FjkoFjyvUQWcBo1F3RgSglky3ar0+qHLM41PlFVYB4Bj3RD8E/Mv7kqMouLFBU+3aFglMzzctAIWRwajEuueSw==}
    engines: {node: '>=8.x'}
    peerDependencies:
      react: '>=16.9.0'
      react-dom: '>=16.9.0'

  rc-steps@6.0.1:
    resolution: {integrity: sha512-lKHL+Sny0SeHkQKKDJlAjV5oZ8DwCdS2hFhAkIjuQt1/pB81M0cA0ErVFdHq9+jmPmFw1vJB2F5NBzFXLJxV+g==}
    engines: {node: '>=8.x'}
    peerDependencies:
      react: '>=16.9.0'
      react-dom: '>=16.9.0'

  rc-switch@4.1.0:
    resolution: {integrity: sha512-TI8ufP2Az9oEbvyCeVE4+90PDSljGyuwix3fV58p7HV2o4wBnVToEyomJRVyTaZeqNPAp+vqeo4Wnj5u0ZZQBg==}
    peerDependencies:
      react: '>=16.9.0'
      react-dom: '>=16.9.0'

  rc-table@7.45.5:
    resolution: {integrity: sha512-R5sOfToOk7CalSkebZpqM8lkKWOJR7uXPGEhjjTSoj5egyHBwMxaACoPj2oI+6qLSll9yZrG5K+8HTN57b2Ahg==}
    engines: {node: '>=8.x'}
    peerDependencies:
      react: '>=16.9.0'
      react-dom: '>=16.9.0'

  rc-tabs@15.0.0:
    resolution: {integrity: sha512-7m541VcEiJSpHZmosMZNMIhemxtIN+f0WDhZNyXQ1/cZ40aaWsknlbj0FH6HryLoKEQvBnCI89hgQuT7MBSOBA==}
    engines: {node: '>=8.x'}
    peerDependencies:
      react: '>=16.9.0'
      react-dom: '>=16.9.0'

  rc-textarea@1.6.3:
    resolution: {integrity: sha512-8k7+8Y2GJ/cQLiClFMg8kUXOOdvcFQrnGeSchOvI2ZMIVvX5a3zQpLxoODL0HTrvU63fPkRmMuqaEcOF9dQemA==}
    peerDependencies:
      react: '>=16.9.0'
      react-dom: '>=16.9.0'

  rc-tooltip@6.2.0:
    resolution: {integrity: sha512-iS/3iOAvtDh9GIx1ulY7EFUXUtktFccNLsARo3NPgLf0QW9oT0w3dA9cYWlhqAKmD+uriEwdWz1kH0Qs4zk2Aw==}
    peerDependencies:
      react: '>=16.9.0'
      react-dom: '>=16.9.0'

  rc-tree-select@5.20.0:
    resolution: {integrity: sha512-zFtkHx5/6PnXSi3oSbBSFbIPiJJQdpSU3qz/joLe75URgvxmTHi989O8MtMgpwyZwrCMOJpGi6L1uy+13uzZPw==}
    peerDependencies:
      react: '*'
      react-dom: '*'

  rc-tree@5.8.5:
    resolution: {integrity: sha512-PRfcZtVDNkR7oh26RuNe1hpw11c1wfgzwmPFL0lnxGnYefe9lDAO6cg5wJKIAwyXFVt5zHgpjYmaz0CPy1ZtKg==}
    engines: {node: '>=10.x'}
    peerDependencies:
      react: '*'
      react-dom: '*'

  rc-upload@4.5.2:
    resolution: {integrity: sha512-QO3ne77DwnAPKFn0bA5qJM81QBjQi0e0NHdkvpFyY73Bea2NfITiotqJqVjHgeYPOJu5lLVR32TNGP084aSoXA==}
    peerDependencies:
      react: '>=16.9.0'
      react-dom: '>=16.9.0'

  rc-util@5.39.3:
    resolution: {integrity: sha512-j9wOELkLQ8gC/NkUg3qg9mHZcJf+5mYYv40JrDHqnaf8VSycji4pCf7kJ5fdTXQPDIF0vr5zpb/T2HdrMs9rWA==}
    peerDependencies:
      react: '>=16.9.0'
      react-dom: '>=16.9.0'

  rc-virtual-list@3.11.5:
    resolution: {integrity: sha512-iZRW99m5jAxtwKNPLwUrPryurcnKpXBdTyhuBp6ythf7kg/otKO5cCiIvL55GQwU0QGSlouQS0tnkciRMJUwRQ==}
    engines: {node: '>=8.x'}
    peerDependencies:
      react: '>=16.9.0'
      react-dom: '>=16.9.0'

  react-dom@18.3.1:
    resolution: {integrity: sha512-5m4nQKp+rZRb09LNH59GM4BxTh9251/ylbKIbpe7TpGxfJ+9kv6BLkLBXIjjspbgbnIBNqlI23tRnTWT0snUIw==}
    peerDependencies:
      react: ^18.3.1

  react-is@18.3.1:
    resolution: {integrity: sha512-/LLMVyas0ljjAtoYiPqYiL8VWXzUUdThrmU5+n20DZv+a+ClRoevUzw5JxU+Ieh5/c87ytoTBV9G1FiKfNJdmg==}

  react-syntax-highlighter@15.5.0:
    resolution: {integrity: sha512-+zq2myprEnQmH5yw6Gqc8lD55QHnpKaU8TOcFeC/Lg/MQSs8UknEA0JC4nTZGFAXC2J2Hyj/ijJ7NlabyPi2gg==}
    peerDependencies:
      react: '>= 0.14.0'

  react@18.3.1:
    resolution: {integrity: sha512-wS+hAgJShR0KhEvPJArfuPVN1+Hz1t0Y6n5jLrGQbkb4urgPE/0Rve+1kMB1v/oWgHgm4WIcV+i7F2pTVj+2iQ==}
    engines: {node: '>=0.10.0'}

  refractor@3.6.0:
    resolution: {integrity: sha512-MY9W41IOWxxk31o+YvFCNyNzdkc9M20NoZK5vq6jkv4I/uh2zkWcfudj0Q1fovjUQJrNewS9NMzeTtqPf+n5EA==}

  regenerator-runtime@0.14.1:
    resolution: {integrity: sha512-dYnhHh0nJoMfnkZs6GmmhFknAGRrLznOu5nc9ML+EJxGvrx6H7teuevqVqCuPcPK//3eDrrjQhehXVx9cnkGdw==}

  resize-observer-polyfill@1.5.1:
    resolution: {integrity: sha512-LwZrotdHOo12nQuZlHEmtuXdqGoOD0OhaxopaNFxWzInpEgaLWoVuAMbTzixuosCx2nEG58ngzW3vxdWoxIgdg==}

  scheduler@0.23.2:
    resolution: {integrity: sha512-UOShsPwz7NrMUqhR6t0hWjFduvOzbtv7toDH1/hIrfRNIDBnnBWd0CwJTGvTpngVlmwGCdP9/Zl/tVrDqcuYzQ==}

  scroll-into-view-if-needed@3.1.0:
    resolution: {integrity: sha512-49oNpRjWRvnU8NyGVmUaYG4jtTkNonFZI86MmGRDqBphEK2EXT9gdEUoQPZhuBM8yWHxCWbobltqYO5M4XrUvQ==}

  space-separated-tokens@1.1.5:
    resolution: {integrity: sha512-q/JSVd1Lptzhf5bkYm4ob4iWPjx0KiRe3sRFBNrVqbJkFaBm5vbbowy1mymoPNLRa52+oadOhJ+K49wsSeSjTA==}

  string-convert@0.2.1:
    resolution: {integrity: sha512-u/1tdPl4yQnPBjnVrmdLo9gtuLvELKsAoRapekWggdiQNvvvum+jYF329d84NAa660KQw7pB2n36KrIKVoXa3A==}

  stylis@4.3.2:
    resolution: {integrity: sha512-bhtUjWd/z6ltJiQwg0dUfxEJ+W+jdqQd8TbWLWyeIJHlnsqmGLRFFd8e5mA0AZi/zx90smXRlN66YMTcaSFifg==}

  throttle-debounce@5.0.0:
    resolution: {integrity: sha512-2iQTSgkkc1Zyk0MeVrt/3BvuOXYPl/R8Z0U2xxo9rjwNciaHDG3R+Lm6dh4EeUci49DanvBnuqI6jshoQQRGEg==}
    engines: {node: '>=12.22'}

  toggle-selection@1.0.6:
    resolution: {integrity: sha512-BiZS+C1OS8g/q2RRbJmy59xpyghNBqrr6k5L/uKBGRsTfxmu3ffiRnd8mlGPUVayg8pvfi5urfnu8TU7DVOkLQ==}

  turbo-darwin-64@1.13.3:
    resolution: {integrity: sha512-glup8Qx1qEFB5jerAnXbS8WrL92OKyMmg5Hnd4PleLljAeYmx+cmmnsmLT7tpaVZIN58EAAwu8wHC6kIIqhbWA==}
    cpu: [x64]
    os: [darwin]

  turbo-darwin-arm64@1.13.3:
    resolution: {integrity: sha512-/np2xD+f/+9qY8BVtuOQXRq5f9LehCFxamiQnwdqWm5iZmdjygC5T3uVSYuagVFsZKMvX3ycySwh8dylGTl6lg==}
    cpu: [arm64]
    os: [darwin]

  turbo-linux-64@1.13.3:
    resolution: {integrity: sha512-G+HGrau54iAnbXLfl+N/PynqpDwi/uDzb6iM9hXEDG+yJnSJxaHMShhOkXYJPk9offm9prH33Khx2scXrYVW1g==}
    cpu: [x64]
    os: [linux]

  turbo-linux-arm64@1.13.3:
    resolution: {integrity: sha512-qWwEl5VR02NqRyl68/3pwp3c/olZuSp+vwlwrunuoNTm6JXGLG5pTeme4zoHNnk0qn4cCX7DFrOboArlYxv0wQ==}
    cpu: [arm64]
    os: [linux]

  turbo-windows-64@1.13.3:
    resolution: {integrity: sha512-Nudr4bRChfJzBPzEmpVV85VwUYRCGKecwkBFpbp2a4NtrJ3+UP1VZES653ckqCu2FRyRuS0n03v9euMbAvzH+Q==}
    cpu: [x64]
    os: [win32]

  turbo-windows-arm64@1.13.3:
    resolution: {integrity: sha512-ouJCgsVLd3icjRLmRvHQDDZnmGzT64GBupM1Y+TjtYn2LVaEBoV6hicFy8x5DUpnqdLy+YpCzRMkWlwhmkX7sQ==}
    cpu: [arm64]
    os: [win32]

  turbo@1.13.3:
    resolution: {integrity: sha512-n17HJv4F4CpsYTvKzUJhLbyewbXjq1oLCi90i5tW1TiWDz16ML1eDG7wi5dHaKxzh5efIM56SITnuVbMq5dk4g==}
    hasBin: true

  typescript@5.4.5:
    resolution: {integrity: sha512-vcI4UpRgg81oIRUFwR0WSIHKt11nJ7SAVlYNIu+QpqeyXP+gpQJy/Z4+F0aGxSE4MqwjyXvW/TzgkLAx2AGHwQ==}
    engines: {node: '>=14.17'}
    hasBin: true

  xtend@4.0.2:
    resolution: {integrity: sha512-LKYU1iAXJXUgAXn9URjiu+MWhyUXHsvfp7mcuYm9dSUKK0/CjtrUwFAxD82/mCWbtLsGjFIad0wIsod4zrTAEQ==}
    engines: {node: '>=0.4'}

snapshots:

  '@ant-design/colors@7.0.2':
    dependencies:
      '@ctrl/tinycolor': 3.6.1

  '@ant-design/cssinjs@1.20.0(react-dom@18.3.1(react@18.3.1))(react@18.3.1)':
    dependencies:
      '@babel/runtime': 7.24.5
      '@emotion/hash': 0.8.0
      '@emotion/unitless': 0.7.5
      classnames: 2.5.1
      csstype: 3.1.3
      rc-util: 5.39.3(react-dom@18.3.1(react@18.3.1))(react@18.3.1)
      react: 18.3.1
      react-dom: 18.3.1(react@18.3.1)
      stylis: 4.3.2

  '@ant-design/icons-svg@4.4.2': {}

  '@ant-design/icons@5.3.7(react-dom@18.3.1(react@18.3.1))(react@18.3.1)':
    dependencies:
      '@ant-design/colors': 7.0.2
      '@ant-design/icons-svg': 4.4.2
      '@babel/runtime': 7.24.5
      classnames: 2.5.1
      rc-util: 5.39.3(react-dom@18.3.1(react@18.3.1))(react@18.3.1)
      react: 18.3.1
      react-dom: 18.3.1(react@18.3.1)

  '@ant-design/react-slick@1.1.2(react@18.3.1)':
    dependencies:
      '@babel/runtime': 7.24.5
      classnames: 2.5.1
      json2mq: 0.2.0
      react: 18.3.1
      resize-observer-polyfill: 1.5.1
      throttle-debounce: 5.0.0

  '@babel/runtime@7.24.5':
    dependencies:
      regenerator-runtime: 0.14.1

  '@ctrl/tinycolor@3.6.1': {}

  '@emotion/hash@0.8.0': {}

  '@emotion/unitless@0.7.5': {}

  '@figma/plugin-typings@1.92.0': {}

  '@rc-component/async-validator@5.0.2':
    dependencies:
      '@babel/runtime': 7.24.5

  '@rc-component/color-picker@1.5.3(react-dom@18.3.1(react@18.3.1))(react@18.3.1)':
    dependencies:
      '@babel/runtime': 7.24.5
      '@ctrl/tinycolor': 3.6.1
      classnames: 2.5.1
      rc-util: 5.39.3(react-dom@18.3.1(react@18.3.1))(react@18.3.1)
      react: 18.3.1
      react-dom: 18.3.1(react@18.3.1)

  '@rc-component/context@1.4.0(react-dom@18.3.1(react@18.3.1))(react@18.3.1)':
    dependencies:
      '@babel/runtime': 7.24.5
      rc-util: 5.39.3(react-dom@18.3.1(react@18.3.1))(react@18.3.1)
      react: 18.3.1
      react-dom: 18.3.1(react@18.3.1)

  '@rc-component/mini-decimal@1.1.0':
    dependencies:
      '@babel/runtime': 7.24.5

  '@rc-component/mutate-observer@1.1.0(react-dom@18.3.1(react@18.3.1))(react@18.3.1)':
    dependencies:
      '@babel/runtime': 7.24.5
      classnames: 2.5.1
      rc-util: 5.39.3(react-dom@18.3.1(react@18.3.1))(react@18.3.1)
      react: 18.3.1
      react-dom: 18.3.1(react@18.3.1)

  '@rc-component/portal@1.1.2(react-dom@18.3.1(react@18.3.1))(react@18.3.1)':
    dependencies:
      '@babel/runtime': 7.24.5
      classnames: 2.5.1
      rc-util: 5.39.3(react-dom@18.3.1(react@18.3.1))(react@18.3.1)
      react: 18.3.1
      react-dom: 18.3.1(react@18.3.1)

  '@rc-component/tour@1.14.2(react-dom@18.3.1(react@18.3.1))(react@18.3.1)':
    dependencies:
      '@babel/runtime': 7.24.5
      '@rc-component/portal': 1.1.2(react-dom@18.3.1(react@18.3.1))(react@18.3.1)
      '@rc-component/trigger': 2.1.1(react-dom@18.3.1(react@18.3.1))(react@18.3.1)
      classnames: 2.5.1
      rc-util: 5.39.3(react-dom@18.3.1(react@18.3.1))(react@18.3.1)
      react: 18.3.1
      react-dom: 18.3.1(react@18.3.1)

  '@rc-component/trigger@2.1.1(react-dom@18.3.1(react@18.3.1))(react@18.3.1)':
    dependencies:
      '@babel/runtime': 7.24.5
      '@rc-component/portal': 1.1.2(react-dom@18.3.1(react@18.3.1))(react@18.3.1)
      classnames: 2.5.1
      rc-motion: 2.9.0(react-dom@18.3.1(react@18.3.1))(react@18.3.1)
      rc-resize-observer: 1.4.0(react-dom@18.3.1(react@18.3.1))(react@18.3.1)
      rc-util: 5.39.3(react-dom@18.3.1(react@18.3.1))(react@18.3.1)
      react: 18.3.1
      react-dom: 18.3.1(react@18.3.1)

  '@types/hast@2.3.10':
    dependencies:
      '@types/unist': 2.0.10

  '@types/prop-types@15.7.12': {}

  '@types/react-dom@18.3.0':
    dependencies:
      '@types/react': 18.3.1

  '@types/react-syntax-highlighter@15.5.0':
    dependencies:
      '@types/react': 18.3.1

  '@types/react@18.3.1':
    dependencies:
      '@types/prop-types': 15.7.12
      csstype: 3.1.3

  '@types/unist@2.0.10': {}

  antd@5.17.0(date-fns@2.30.0)(react-dom@18.3.1(react@18.3.1))(react@18.3.1):
    dependencies:
      '@ant-design/colors': 7.0.2
      '@ant-design/cssinjs': 1.20.0(react-dom@18.3.1(react@18.3.1))(react@18.3.1)
      '@ant-design/icons': 5.3.7(react-dom@18.3.1(react@18.3.1))(react@18.3.1)
      '@ant-design/react-slick': 1.1.2(react@18.3.1)
      '@babel/runtime': 7.24.5
      '@ctrl/tinycolor': 3.6.1
      '@rc-component/color-picker': 1.5.3(react-dom@18.3.1(react@18.3.1))(react@18.3.1)
      '@rc-component/mutate-observer': 1.1.0(react-dom@18.3.1(react@18.3.1))(react@18.3.1)
      '@rc-component/tour': 1.14.2(react-dom@18.3.1(react@18.3.1))(react@18.3.1)
      '@rc-component/trigger': 2.1.1(react-dom@18.3.1(react@18.3.1))(react@18.3.1)
      classnames: 2.5.1
      copy-to-clipboard: 3.3.3
      dayjs: 1.11.11
      qrcode.react: 3.1.0(react@18.3.1)
      rc-cascader: 3.25.0(react-dom@18.3.1(react@18.3.1))(react@18.3.1)
      rc-checkbox: 3.2.0(react-dom@18.3.1(react@18.3.1))(react@18.3.1)
      rc-collapse: 3.7.3(react-dom@18.3.1(react@18.3.1))(react@18.3.1)
      rc-dialog: 9.4.0(react-dom@18.3.1(react@18.3.1))(react@18.3.1)
      rc-drawer: 7.1.0(react-dom@18.3.1(react@18.3.1))(react@18.3.1)
      rc-dropdown: 4.2.0(react-dom@18.3.1(react@18.3.1))(react@18.3.1)
      rc-field-form: 2.0.0(react-dom@18.3.1(react@18.3.1))(react@18.3.1)
      rc-image: 7.6.0(react-dom@18.3.1(react@18.3.1))(react@18.3.1)
      rc-input: 1.4.5(react-dom@18.3.1(react@18.3.1))(react@18.3.1)
      rc-input-number: 9.0.0(react-dom@18.3.1(react@18.3.1))(react@18.3.1)
      rc-mentions: 2.11.1(react-dom@18.3.1(react@18.3.1))(react@18.3.1)
      rc-menu: 9.13.0(react-dom@18.3.1(react@18.3.1))(react@18.3.1)
      rc-motion: 2.9.0(react-dom@18.3.1(react@18.3.1))(react@18.3.1)
      rc-notification: 5.4.0(react-dom@18.3.1(react@18.3.1))(react@18.3.1)
      rc-pagination: 4.0.4(react-dom@18.3.1(react@18.3.1))(react@18.3.1)
      rc-picker: 4.5.0(date-fns@2.30.0)(dayjs@1.11.11)(react-dom@18.3.1(react@18.3.1))(react@18.3.1)
      rc-progress: 4.0.0(react-dom@18.3.1(react@18.3.1))(react@18.3.1)
      rc-rate: 2.12.0(react-dom@18.3.1(react@18.3.1))(react@18.3.1)
      rc-resize-observer: 1.4.0(react-dom@18.3.1(react@18.3.1))(react@18.3.1)
      rc-segmented: 2.3.0(react-dom@18.3.1(react@18.3.1))(react@18.3.1)
      rc-select: 14.13.1(react-dom@18.3.1(react@18.3.1))(react@18.3.1)
      rc-slider: 10.6.2(react-dom@18.3.1(react@18.3.1))(react@18.3.1)
      rc-steps: 6.0.1(react-dom@18.3.1(react@18.3.1))(react@18.3.1)
      rc-switch: 4.1.0(react-dom@18.3.1(react@18.3.1))(react@18.3.1)
      rc-table: 7.45.5(react-dom@18.3.1(react@18.3.1))(react@18.3.1)
      rc-tabs: 15.0.0(react-dom@18.3.1(react@18.3.1))(react@18.3.1)
      rc-textarea: 1.6.3(react-dom@18.3.1(react@18.3.1))(react@18.3.1)
      rc-tooltip: 6.2.0(react-dom@18.3.1(react@18.3.1))(react@18.3.1)
      rc-tree: 5.8.5(react-dom@18.3.1(react@18.3.1))(react@18.3.1)
      rc-tree-select: 5.20.0(react-dom@18.3.1(react@18.3.1))(react@18.3.1)
      rc-upload: 4.5.2(react-dom@18.3.1(react@18.3.1))(react@18.3.1)
      rc-util: 5.39.3(react-dom@18.3.1(react@18.3.1))(react@18.3.1)
      react: 18.3.1
      react-dom: 18.3.1(react@18.3.1)
      scroll-into-view-if-needed: 3.1.0
      throttle-debounce: 5.0.0
    transitivePeerDependencies:
      - date-fns
      - luxon
      - moment

  array-tree-filter@2.1.0: {}

  character-entities-legacy@1.1.4: {}

  character-entities@1.2.4: {}

  character-reference-invalid@1.1.4: {}

  classnames@2.5.1: {}

  comma-separated-tokens@1.0.8: {}

  compute-scroll-into-view@3.1.0: {}

  copy-to-clipboard@3.3.3:
    dependencies:
      toggle-selection: 1.0.6

  csstype@3.1.3: {}

  date-fns@2.30.0:
    dependencies:
      '@babel/runtime': 7.24.5
    optional: true

  dayjs@1.11.11: {}

  fault@1.0.4:
    dependencies:
      format: 0.2.2

  format@0.2.2: {}

  hast-util-parse-selector@2.2.5: {}

  hastscript@6.0.0:
    dependencies:
      '@types/hast': 2.3.10
      comma-separated-tokens: 1.0.8
      hast-util-parse-selector: 2.2.5
      property-information: 5.6.0
      space-separated-tokens: 1.1.5

  highlight.js@10.7.3: {}

  is-alphabetical@1.0.4: {}

  is-alphanumerical@1.0.4:
    dependencies:
      is-alphabetical: 1.0.4
      is-decimal: 1.0.4

  is-decimal@1.0.4: {}

  is-hexadecimal@1.0.4: {}

  js-tokens@4.0.0: {}

  json2mq@0.2.0:
    dependencies:
      string-convert: 0.2.1

  loose-envify@1.4.0:
    dependencies:
      js-tokens: 4.0.0

  lowlight@1.20.0:
    dependencies:
      fault: 1.0.4
      highlight.js: 10.7.3

  parse-entities@2.0.0:
    dependencies:
      character-entities: 1.2.4
      character-entities-legacy: 1.1.4
      character-reference-invalid: 1.1.4
      is-alphanumerical: 1.0.4
      is-decimal: 1.0.4
      is-hexadecimal: 1.0.4

  prettier@3.2.5: {}

  prismjs@1.27.0: {}

  prismjs@1.29.0: {}

  property-information@5.6.0:
    dependencies:
      xtend: 4.0.2

  qrcode.react@3.1.0(react@18.3.1):
    dependencies:
      react: 18.3.1

  rc-cascader@3.25.0(react-dom@18.3.1(react@18.3.1))(react@18.3.1):
    dependencies:
      '@babel/runtime': 7.24.5
      array-tree-filter: 2.1.0
      classnames: 2.5.1
      rc-select: 14.13.1(react-dom@18.3.1(react@18.3.1))(react@18.3.1)
      rc-tree: 5.8.5(react-dom@18.3.1(react@18.3.1))(react@18.3.1)
      rc-util: 5.39.3(react-dom@18.3.1(react@18.3.1))(react@18.3.1)
      react: 18.3.1
      react-dom: 18.3.1(react@18.3.1)

  rc-checkbox@3.2.0(react-dom@18.3.1(react@18.3.1))(react@18.3.1):
    dependencies:
      '@babel/runtime': 7.24.5
      classnames: 2.5.1
      rc-util: 5.39.3(react-dom@18.3.1(react@18.3.1))(react@18.3.1)
      react: 18.3.1
      react-dom: 18.3.1(react@18.3.1)

  rc-collapse@3.7.3(react-dom@18.3.1(react@18.3.1))(react@18.3.1):
    dependencies:
      '@babel/runtime': 7.24.5
      classnames: 2.5.1
      rc-motion: 2.9.0(react-dom@18.3.1(react@18.3.1))(react@18.3.1)
      rc-util: 5.39.3(react-dom@18.3.1(react@18.3.1))(react@18.3.1)
      react: 18.3.1
      react-dom: 18.3.1(react@18.3.1)

  rc-dialog@9.4.0(react-dom@18.3.1(react@18.3.1))(react@18.3.1):
    dependencies:
      '@babel/runtime': 7.24.5
      '@rc-component/portal': 1.1.2(react-dom@18.3.1(react@18.3.1))(react@18.3.1)
      classnames: 2.5.1
      rc-motion: 2.9.0(react-dom@18.3.1(react@18.3.1))(react@18.3.1)
      rc-util: 5.39.3(react-dom@18.3.1(react@18.3.1))(react@18.3.1)
      react: 18.3.1
      react-dom: 18.3.1(react@18.3.1)

  rc-drawer@7.1.0(react-dom@18.3.1(react@18.3.1))(react@18.3.1):
    dependencies:
      '@babel/runtime': 7.24.5
      '@rc-component/portal': 1.1.2(react-dom@18.3.1(react@18.3.1))(react@18.3.1)
      classnames: 2.5.1
      rc-motion: 2.9.0(react-dom@18.3.1(react@18.3.1))(react@18.3.1)
      rc-util: 5.39.3(react-dom@18.3.1(react@18.3.1))(react@18.3.1)
      react: 18.3.1
      react-dom: 18.3.1(react@18.3.1)

  rc-dropdown@4.2.0(react-dom@18.3.1(react@18.3.1))(react@18.3.1):
    dependencies:
      '@babel/runtime': 7.24.5
      '@rc-component/trigger': 2.1.1(react-dom@18.3.1(react@18.3.1))(react@18.3.1)
      classnames: 2.5.1
      rc-util: 5.39.3(react-dom@18.3.1(react@18.3.1))(react@18.3.1)
      react: 18.3.1
      react-dom: 18.3.1(react@18.3.1)

  rc-field-form@2.0.0(react-dom@18.3.1(react@18.3.1))(react@18.3.1):
    dependencies:
      '@babel/runtime': 7.24.5
      '@rc-component/async-validator': 5.0.2
      rc-util: 5.39.3(react-dom@18.3.1(react@18.3.1))(react@18.3.1)
      react: 18.3.1
      react-dom: 18.3.1(react@18.3.1)

  rc-image@7.6.0(react-dom@18.3.1(react@18.3.1))(react@18.3.1):
    dependencies:
      '@babel/runtime': 7.24.5
      '@rc-component/portal': 1.1.2(react-dom@18.3.1(react@18.3.1))(react@18.3.1)
      classnames: 2.5.1
      rc-dialog: 9.4.0(react-dom@18.3.1(react@18.3.1))(react@18.3.1)
      rc-motion: 2.9.0(react-dom@18.3.1(react@18.3.1))(react@18.3.1)
      rc-util: 5.39.3(react-dom@18.3.1(react@18.3.1))(react@18.3.1)
      react: 18.3.1
      react-dom: 18.3.1(react@18.3.1)

  rc-input-number@9.0.0(react-dom@18.3.1(react@18.3.1))(react@18.3.1):
    dependencies:
      '@babel/runtime': 7.24.5
      '@rc-component/mini-decimal': 1.1.0
      classnames: 2.5.1
      rc-input: 1.4.5(react-dom@18.3.1(react@18.3.1))(react@18.3.1)
      rc-util: 5.39.3(react-dom@18.3.1(react@18.3.1))(react@18.3.1)
      react: 18.3.1
      react-dom: 18.3.1(react@18.3.1)

  rc-input@1.4.5(react-dom@18.3.1(react@18.3.1))(react@18.3.1):
    dependencies:
      '@babel/runtime': 7.24.5
      classnames: 2.5.1
      rc-util: 5.39.3(react-dom@18.3.1(react@18.3.1))(react@18.3.1)
      react: 18.3.1
      react-dom: 18.3.1(react@18.3.1)

  rc-mentions@2.11.1(react-dom@18.3.1(react@18.3.1))(react@18.3.1):
    dependencies:
      '@babel/runtime': 7.24.5
      '@rc-component/trigger': 2.1.1(react-dom@18.3.1(react@18.3.1))(react@18.3.1)
      classnames: 2.5.1
      rc-input: 1.4.5(react-dom@18.3.1(react@18.3.1))(react@18.3.1)
      rc-menu: 9.13.0(react-dom@18.3.1(react@18.3.1))(react@18.3.1)
      rc-textarea: 1.6.3(react-dom@18.3.1(react@18.3.1))(react@18.3.1)
      rc-util: 5.39.3(react-dom@18.3.1(react@18.3.1))(react@18.3.1)
      react: 18.3.1
      react-dom: 18.3.1(react@18.3.1)

  rc-menu@9.13.0(react-dom@18.3.1(react@18.3.1))(react@18.3.1):
    dependencies:
      '@babel/runtime': 7.24.5
      '@rc-component/trigger': 2.1.1(react-dom@18.3.1(react@18.3.1))(react@18.3.1)
      classnames: 2.5.1
      rc-motion: 2.9.0(react-dom@18.3.1(react@18.3.1))(react@18.3.1)
      rc-overflow: 1.3.2(react-dom@18.3.1(react@18.3.1))(react@18.3.1)
      rc-util: 5.39.3(react-dom@18.3.1(react@18.3.1))(react@18.3.1)
      react: 18.3.1
      react-dom: 18.3.1(react@18.3.1)

  rc-motion@2.9.0(react-dom@18.3.1(react@18.3.1))(react@18.3.1):
    dependencies:
      '@babel/runtime': 7.24.5
      classnames: 2.5.1
      rc-util: 5.39.3(react-dom@18.3.1(react@18.3.1))(react@18.3.1)
      react: 18.3.1
      react-dom: 18.3.1(react@18.3.1)

  rc-notification@5.4.0(react-dom@18.3.1(react@18.3.1))(react@18.3.1):
    dependencies:
      '@babel/runtime': 7.24.5
      classnames: 2.5.1
      rc-motion: 2.9.0(react-dom@18.3.1(react@18.3.1))(react@18.3.1)
      rc-util: 5.39.3(react-dom@18.3.1(react@18.3.1))(react@18.3.1)
      react: 18.3.1
      react-dom: 18.3.1(react@18.3.1)

  rc-overflow@1.3.2(react-dom@18.3.1(react@18.3.1))(react@18.3.1):
    dependencies:
      '@babel/runtime': 7.24.5
      classnames: 2.5.1
      rc-resize-observer: 1.4.0(react-dom@18.3.1(react@18.3.1))(react@18.3.1)
      rc-util: 5.39.3(react-dom@18.3.1(react@18.3.1))(react@18.3.1)
      react: 18.3.1
      react-dom: 18.3.1(react@18.3.1)

  rc-pagination@4.0.4(react-dom@18.3.1(react@18.3.1))(react@18.3.1):
    dependencies:
      '@babel/runtime': 7.24.5
      classnames: 2.5.1
      rc-util: 5.39.3(react-dom@18.3.1(react@18.3.1))(react@18.3.1)
      react: 18.3.1
      react-dom: 18.3.1(react@18.3.1)

  rc-picker@4.5.0(date-fns@2.30.0)(dayjs@1.11.11)(react-dom@18.3.1(react@18.3.1))(react@18.3.1):
    dependencies:
      '@babel/runtime': 7.24.5
      '@rc-component/trigger': 2.1.1(react-dom@18.3.1(react@18.3.1))(react@18.3.1)
      classnames: 2.5.1
      rc-overflow: 1.3.2(react-dom@18.3.1(react@18.3.1))(react@18.3.1)
      rc-resize-observer: 1.4.0(react-dom@18.3.1(react@18.3.1))(react@18.3.1)
      rc-util: 5.39.3(react-dom@18.3.1(react@18.3.1))(react@18.3.1)
      react: 18.3.1
      react-dom: 18.3.1(react@18.3.1)
    optionalDependencies:
      date-fns: 2.30.0
      dayjs: 1.11.11

  rc-progress@4.0.0(react-dom@18.3.1(react@18.3.1))(react@18.3.1):
    dependencies:
      '@babel/runtime': 7.24.5
      classnames: 2.5.1
      rc-util: 5.39.3(react-dom@18.3.1(react@18.3.1))(react@18.3.1)
      react: 18.3.1
      react-dom: 18.3.1(react@18.3.1)

  rc-rate@2.12.0(react-dom@18.3.1(react@18.3.1))(react@18.3.1):
    dependencies:
      '@babel/runtime': 7.24.5
      classnames: 2.5.1
      rc-util: 5.39.3(react-dom@18.3.1(react@18.3.1))(react@18.3.1)
      react: 18.3.1
      react-dom: 18.3.1(react@18.3.1)

  rc-resize-observer@1.4.0(react-dom@18.3.1(react@18.3.1))(react@18.3.1):
    dependencies:
      '@babel/runtime': 7.24.5
      classnames: 2.5.1
      rc-util: 5.39.3(react-dom@18.3.1(react@18.3.1))(react@18.3.1)
      react: 18.3.1
      react-dom: 18.3.1(react@18.3.1)
      resize-observer-polyfill: 1.5.1

  rc-segmented@2.3.0(react-dom@18.3.1(react@18.3.1))(react@18.3.1):
    dependencies:
      '@babel/runtime': 7.24.5
      classnames: 2.5.1
      rc-motion: 2.9.0(react-dom@18.3.1(react@18.3.1))(react@18.3.1)
      rc-util: 5.39.3(react-dom@18.3.1(react@18.3.1))(react@18.3.1)
      react: 18.3.1
      react-dom: 18.3.1(react@18.3.1)

  rc-select@14.13.1(react-dom@18.3.1(react@18.3.1))(react@18.3.1):
    dependencies:
      '@babel/runtime': 7.24.5
      '@rc-component/trigger': 2.1.1(react-dom@18.3.1(react@18.3.1))(react@18.3.1)
      classnames: 2.5.1
      rc-motion: 2.9.0(react-dom@18.3.1(react@18.3.1))(react@18.3.1)
      rc-overflow: 1.3.2(react-dom@18.3.1(react@18.3.1))(react@18.3.1)
      rc-util: 5.39.3(react-dom@18.3.1(react@18.3.1))(react@18.3.1)
      rc-virtual-list: 3.11.5(react-dom@18.3.1(react@18.3.1))(react@18.3.1)
      react: 18.3.1
      react-dom: 18.3.1(react@18.3.1)

  rc-slider@10.6.2(react-dom@18.3.1(react@18.3.1))(react@18.3.1):
    dependencies:
      '@babel/runtime': 7.24.5
      classnames: 2.5.1
      rc-util: 5.39.3(react-dom@18.3.1(react@18.3.1))(react@18.3.1)
      react: 18.3.1
      react-dom: 18.3.1(react@18.3.1)

  rc-steps@6.0.1(react-dom@18.3.1(react@18.3.1))(react@18.3.1):
    dependencies:
      '@babel/runtime': 7.24.5
      classnames: 2.5.1
      rc-util: 5.39.3(react-dom@18.3.1(react@18.3.1))(react@18.3.1)
      react: 18.3.1
      react-dom: 18.3.1(react@18.3.1)

  rc-switch@4.1.0(react-dom@18.3.1(react@18.3.1))(react@18.3.1):
    dependencies:
      '@babel/runtime': 7.24.5
      classnames: 2.5.1
      rc-util: 5.39.3(react-dom@18.3.1(react@18.3.1))(react@18.3.1)
      react: 18.3.1
      react-dom: 18.3.1(react@18.3.1)

  rc-table@7.45.5(react-dom@18.3.1(react@18.3.1))(react@18.3.1):
    dependencies:
      '@babel/runtime': 7.24.5
      '@rc-component/context': 1.4.0(react-dom@18.3.1(react@18.3.1))(react@18.3.1)
      classnames: 2.5.1
      rc-resize-observer: 1.4.0(react-dom@18.3.1(react@18.3.1))(react@18.3.1)
      rc-util: 5.39.3(react-dom@18.3.1(react@18.3.1))(react@18.3.1)
      rc-virtual-list: 3.11.5(react-dom@18.3.1(react@18.3.1))(react@18.3.1)
      react: 18.3.1
      react-dom: 18.3.1(react@18.3.1)

  rc-tabs@15.0.0(react-dom@18.3.1(react@18.3.1))(react@18.3.1):
    dependencies:
      '@babel/runtime': 7.24.5
      classnames: 2.5.1
      rc-dropdown: 4.2.0(react-dom@18.3.1(react@18.3.1))(react@18.3.1)
      rc-menu: 9.13.0(react-dom@18.3.1(react@18.3.1))(react@18.3.1)
      rc-motion: 2.9.0(react-dom@18.3.1(react@18.3.1))(react@18.3.1)
      rc-resize-observer: 1.4.0(react-dom@18.3.1(react@18.3.1))(react@18.3.1)
      rc-util: 5.39.3(react-dom@18.3.1(react@18.3.1))(react@18.3.1)
      react: 18.3.1
      react-dom: 18.3.1(react@18.3.1)

  rc-textarea@1.6.3(react-dom@18.3.1(react@18.3.1))(react@18.3.1):
    dependencies:
      '@babel/runtime': 7.24.5
      classnames: 2.5.1
      rc-input: 1.4.5(react-dom@18.3.1(react@18.3.1))(react@18.3.1)
      rc-resize-observer: 1.4.0(react-dom@18.3.1(react@18.3.1))(react@18.3.1)
      rc-util: 5.39.3(react-dom@18.3.1(react@18.3.1))(react@18.3.1)
      react: 18.3.1
      react-dom: 18.3.1(react@18.3.1)

  rc-tooltip@6.2.0(react-dom@18.3.1(react@18.3.1))(react@18.3.1):
    dependencies:
      '@babel/runtime': 7.24.5
      '@rc-component/trigger': 2.1.1(react-dom@18.3.1(react@18.3.1))(react@18.3.1)
      classnames: 2.5.1
      react: 18.3.1
      react-dom: 18.3.1(react@18.3.1)

  rc-tree-select@5.20.0(react-dom@18.3.1(react@18.3.1))(react@18.3.1):
    dependencies:
      '@babel/runtime': 7.24.5
      classnames: 2.5.1
      rc-select: 14.13.1(react-dom@18.3.1(react@18.3.1))(react@18.3.1)
      rc-tree: 5.8.5(react-dom@18.3.1(react@18.3.1))(react@18.3.1)
      rc-util: 5.39.3(react-dom@18.3.1(react@18.3.1))(react@18.3.1)
      react: 18.3.1
      react-dom: 18.3.1(react@18.3.1)

  rc-tree@5.8.5(react-dom@18.3.1(react@18.3.1))(react@18.3.1):
    dependencies:
      '@babel/runtime': 7.24.5
      classnames: 2.5.1
      rc-motion: 2.9.0(react-dom@18.3.1(react@18.3.1))(react@18.3.1)
      rc-util: 5.39.3(react-dom@18.3.1(react@18.3.1))(react@18.3.1)
      rc-virtual-list: 3.11.5(react-dom@18.3.1(react@18.3.1))(react@18.3.1)
      react: 18.3.1
      react-dom: 18.3.1(react@18.3.1)

  rc-upload@4.5.2(react-dom@18.3.1(react@18.3.1))(react@18.3.1):
    dependencies:
      '@babel/runtime': 7.24.5
      classnames: 2.5.1
      rc-util: 5.39.3(react-dom@18.3.1(react@18.3.1))(react@18.3.1)
      react: 18.3.1
      react-dom: 18.3.1(react@18.3.1)

  rc-util@5.39.3(react-dom@18.3.1(react@18.3.1))(react@18.3.1):
    dependencies:
      '@babel/runtime': 7.24.5
      react: 18.3.1
      react-dom: 18.3.1(react@18.3.1)
      react-is: 18.3.1

  rc-virtual-list@3.11.5(react-dom@18.3.1(react@18.3.1))(react@18.3.1):
    dependencies:
      '@babel/runtime': 7.24.5
      classnames: 2.5.1
      rc-resize-observer: 1.4.0(react-dom@18.3.1(react@18.3.1))(react@18.3.1)
      rc-util: 5.39.3(react-dom@18.3.1(react@18.3.1))(react@18.3.1)
      react: 18.3.1
      react-dom: 18.3.1(react@18.3.1)

  react-dom@18.3.1(react@18.3.1):
    dependencies:
      loose-envify: 1.4.0
      react: 18.3.1
      scheduler: 0.23.2

  react-is@18.3.1: {}

  react-syntax-highlighter@15.5.0(react@18.3.1):
    dependencies:
      '@babel/runtime': 7.24.5
      highlight.js: 10.7.3
      lowlight: 1.20.0
      prismjs: 1.29.0
      react: 18.3.1
      refractor: 3.6.0

  react@18.3.1:
    dependencies:
      loose-envify: 1.4.0

  refractor@3.6.0:
    dependencies:
      hastscript: 6.0.0
      parse-entities: 2.0.0
      prismjs: 1.27.0

  regenerator-runtime@0.14.1: {}

  resize-observer-polyfill@1.5.1: {}

  scheduler@0.23.2:
    dependencies:
      loose-envify: 1.4.0

  scroll-into-view-if-needed@3.1.0:
    dependencies:
      compute-scroll-into-view: 3.1.0

  space-separated-tokens@1.1.5: {}

  string-convert@0.2.1: {}

  stylis@4.3.2: {}

  throttle-debounce@5.0.0: {}

  toggle-selection@1.0.6: {}

  turbo-darwin-64@1.13.3:
    optional: true

  turbo-darwin-arm64@1.13.3:
    optional: true

  turbo-linux-64@1.13.3:
    optional: true

  turbo-linux-arm64@1.13.3:
    optional: true

  turbo-windows-64@1.13.3:
    optional: true

  turbo-windows-arm64@1.13.3:
    optional: true

  turbo@1.13.3:
    optionalDependencies:
      turbo-darwin-64: 1.13.3
      turbo-darwin-arm64: 1.13.3
      turbo-linux-64: 1.13.3
      turbo-linux-arm64: 1.13.3
      turbo-windows-64: 1.13.3
      turbo-windows-arm64: 1.13.3

  typescript@5.4.5: {}

  xtend@4.0.2: {}
